// !$*UTF8*$!
{
	archiveVersion = 1;
	classes = {
	};
	objectVersion = 50;
	objects = {

/* Begin PBXBuildFile section */
		4D9BFF49259DF4310013492F /* AppDelegate.swift in Sources */ = {isa = PBXBuildFile; fileRef = 4D9BFF48259DF4310013492F /* AppDelegate.swift */; };
		4D9BFF4B259DF4310013492F /* SceneDelegate.swift in Sources */ = {isa = PBXBuildFile; fileRef = 4D9BFF4A259DF4310013492F /* SceneDelegate.swift */; };
		4D9BFF4D259DF4310013492F /* ColorListViewController.swift in Sources */ = {isa = PBXBuildFile; fileRef = 4D9BFF4C259DF4310013492F /* ColorListViewController.swift */; };
		4D9BFF50259DF4310013492F /* Main.storyboard in Resources */ = {isa = PBXBuildFile; fileRef = 4D9BFF4E259DF4310013492F /* Main.storyboard */; };
		4D9BFF52259DF4320013492F /* Assets.xcassets in Resources */ = {isa = PBXBuildFile; fileRef = 4D9BFF51259DF4320013492F /* Assets.xcassets */; };
		4D9BFF55259DF4320013492F /* LaunchScreen.storyboard in Resources */ = {isa = PBXBuildFile; fileRef = 4D9BFF53259DF4320013492F /* LaunchScreen.storyboard */; };
		4DF6080B25A36A220014C611 /* Color.swift in Sources */ = {isa = PBXBuildFile; fileRef = 4DF6080A25A36A220014C611 /* Color.swift */; };
		4DF6081025A50DC60014C611 /* ColorViewController.swift in Sources */ = {isa = PBXBuildFile; fileRef = 4DF6080F25A50DC60014C611 /* ColorViewController.swift */; };
/* End PBXBuildFile section */

/* Begin PBXFileReference section */
		4D9BFF45259DF4310013492F /* ColorCatcher.app */ = {isa = PBXFileReference; explicitFileType = wrapper.application; includeInIndex = 0; path = ColorCatcher.app; sourceTree = BUILT_PRODUCTS_DIR; };
		4D9BFF48259DF4310013492F /* AppDelegate.swift */ = {isa = PBXFileReference; lastKnownFileType = sourcecode.swift; path = AppDelegate.swift; sourceTree = "<group>"; };
		4D9BFF4A259DF4310013492F /* SceneDelegate.swift */ = {isa = PBXFileReference; lastKnownFileType = sourcecode.swift; path = SceneDelegate.swift; sourceTree = "<group>"; };
		4D9BFF4C259DF4310013492F /* ColorListViewController.swift */ = {isa = PBXFileReference; lastKnownFileType = sourcecode.swift; path = ColorListViewController.swift; sourceTree = "<group>"; };
		4D9BFF4F259DF4310013492F /* Base */ = {isa = PBXFileReference; lastKnownFileType = file.storyboard; name = Base; path = Base.lproj/Main.storyboard; sourceTree = "<group>"; };
		4D9BFF51259DF4320013492F /* Assets.xcassets */ = {isa = PBXFileReference; lastKnownFileType = folder.assetcatalog; path = Assets.xcassets; sourceTree = "<group>"; };
		4D9BFF54259DF4320013492F /* Base */ = {isa = PBXFileReference; lastKnownFileType = file.storyboard; name = Base; path = Base.lproj/LaunchScreen.storyboard; sourceTree = "<group>"; };
		4D9BFF56259DF4320013492F /* Info.plist */ = {isa = PBXFileReference; lastKnownFileType = text.plist.xml; path = Info.plist; sourceTree = "<group>"; };
		4DF6080A25A36A220014C611 /* Color.swift */ = {isa = PBXFileReference; lastKnownFileType = sourcecode.swift; path = Color.swift; sourceTree = "<group>"; };
		4DF6080F25A50DC60014C611 /* ColorViewController.swift */ = {isa = PBXFileReference; lastKnownFileType = sourcecode.swift; path = ColorViewController.swift; sourceTree = "<group>"; };
/* End PBXFileReference section */

/* Begin PBXFrameworksBuildPhase section */
		4D9BFF42259DF4310013492F /* Frameworks */ = {
			isa = PBXFrameworksBuildPhase;
			buildActionMask = 2147483647;
			files = (
			);
			runOnlyForDeploymentPostprocessing = 0;
		};
/* End PBXFrameworksBuildPhase section */

/* Begin PBXGroup section */
		4D9BFF3C259DF4310013492F = {
			isa = PBXGroup;
			children = (
				4D9BFF47259DF4310013492F /* ColorCatcher */,
				4D9BFF46259DF4310013492F /* Products */,
			);
			sourceTree = "<group>";
		};
		4D9BFF46259DF4310013492F /* Products */ = {
			isa = PBXGroup;
			children = (
				4D9BFF45259DF4310013492F /* ColorCatcher.app */,
			);
			name = Products;
			sourceTree = "<group>";
		};
		4D9BFF47259DF4310013492F /* ColorCatcher */ = {
			isa = PBXGroup;
			children = (
				4D9BFF48259DF4310013492F /* AppDelegate.swift */,
				4D9BFF4A259DF4310013492F /* SceneDelegate.swift */,
				4D9BFF4C259DF4310013492F /* ColorListViewController.swift */,
				4D9BFF4E259DF4310013492F /* Main.storyboard */,
				4D9BFF51259DF4320013492F /* Assets.xcassets */,
				4D9BFF53259DF4320013492F /* LaunchScreen.storyboard */,
				4D9BFF56259DF4320013492F /* Info.plist */,
				4DF6080A25A36A220014C611 /* Color.swift */,
				4DF6080F25A50DC60014C611 /* ColorViewController.swift */,
			);
			path = ColorCatcher;
			sourceTree = "<group>";
		};
/* End PBXGroup section */

/* Begin PBXNativeTarget section */
		4D9BFF44259DF4310013492F /* ColorCatcher */ = {
			isa = PBXNativeTarget;
			buildConfigurationList = 4D9BFF59259DF4320013492F /* Build configuration list for PBXNativeTarget "ColorCatcher" */;
			buildPhases = (
				4D9BFF41259DF4310013492F /* Sources */,
				4D9BFF42259DF4310013492F /* Frameworks */,
				4D9BFF43259DF4310013492F /* Resources */,
			);
			buildRules = (
			);
			dependencies = (
			);
			name = ColorCatcher;
			productName = MyFavColors;
			productReference = 4D9BFF45259DF4310013492F /* ColorCatcher.app */;
			productType = "com.apple.product-type.application";
		};
/* End PBXNativeTarget section */

/* Begin PBXProject section */
		4D9BFF3D259DF4310013492F /* Project object */ = {
			isa = PBXProject;
			attributes = {
				LastSwiftUpdateCheck = 1230;
				LastUpgradeCheck = 1230;
				TargetAttributes = {
					4D9BFF44259DF4310013492F = {
						CreatedOnToolsVersion = 12.3;
					};
				};
			};
			buildConfigurationList = 4D9BFF40259DF4310013492F /* Build configuration list for PBXProject "ColorCatcher" */;
			compatibilityVersion = "Xcode 9.3";
			developmentRegion = en;
			hasScannedForEncodings = 0;
			knownRegions = (
				en,
				Base,
			);
			mainGroup = 4D9BFF3C259DF4310013492F;
			productRefGroup = 4D9BFF46259DF4310013492F /* Products */;
			projectDirPath = "";
			projectRoot = "";
			targets = (
				4D9BFF44259DF4310013492F /* ColorCatcher */,
			);
		};
/* End PBXProject section */

/* Begin PBXResourcesBuildPhase section */
		4D9BFF43259DF4310013492F /* Resources */ = {
			isa = PBXResourcesBuildPhase;
			buildActionMask = 2147483647;
			files = (
				4D9BFF55259DF4320013492F /* LaunchScreen.storyboard in Resources */,
				4D9BFF52259DF4320013492F /* Assets.xcassets in Resources */,
				4D9BFF50259DF4310013492F /* Main.storyboard in Resources */,
			);
			runOnlyForDeploymentPostprocessing = 0;
		};
/* End PBXResourcesBuildPhase section */

/* Begin PBXSourcesBuildPhase section */
		4D9BFF41259DF4310013492F /* Sources */ = {
			isa = PBXSourcesBuildPhase;
			buildActionMask = 2147483647;
			files = (
				4D9BFF4D259DF4310013492F /* ColorListViewController.swift in Sources */,
				4D9BFF49259DF4310013492F /* AppDelegate.swift in Sources */,
				4D9BFF4B259DF4310013492F /* SceneDelegate.swift in Sources */,
				4DF6081025A50DC60014C611 /* ColorViewController.swift in Sources */,
				4DF6080B25A36A220014C611 /* Color.swift in Sources */,
			);
			runOnlyForDeploymentPostprocessing = 0;
		};
/* End PBXSourcesBuildPhase section */

/* Begin PBXVariantGroup section */
		4D9BFF4E259DF4310013492F /* Main.storyboard */ = {
			isa = PBXVariantGroup;
			children = (
				4D9BFF4F259DF4310013492F /* Base */,
			);
			name = Main.storyboard;
			sourceTree = "<group>";
		};
		4D9BFF53259DF4320013492F /* LaunchScreen.storyboard */ = {
			isa = PBXVariantGroup;
			children = (
				4D9BFF54259DF4320013492F /* Base */,
			);
			name = LaunchScreen.storyboard;
			sourceTree = "<group>";
		};
/* End PBXVariantGroup section */

/* Begin XCBuildConfiguration section */
		4D9BFF57259DF4320013492F /* Debug */ = {
			isa = XCBuildConfiguration;
			buildSettings = {
				ALWAYS_SEARCH_USER_PATHS = NO;
				CLANG_ANALYZER_NONNULL = YES;
				CLANG_ANALYZER_NUMBER_OBJECT_CONVERSION = YES_AGGRESSIVE;
				CLANG_CXX_LANGUAGE_STANDARD = "gnu++14";
				CLANG_CXX_LIBRARY = "libc++";
				CLANG_ENABLE_MODULES = YES;
				CLANG_ENABLE_OBJC_ARC = YES;
				CLANG_ENABLE_OBJC_WEAK = YES;
				CLANG_WARN_BLOCK_CAPTURE_AUTORELEASING = YES;
				CLANG_WARN_BOOL_CONVERSION = YES;
				CLANG_WARN_COMMA = YES;
				CLANG_WARN_CONSTANT_CONVERSION = YES;
				CLANG_WARN_DEPRECATED_OBJC_IMPLEMENTATIONS = YES;
				CLANG_WARN_DIRECT_OBJC_ISA_USAGE = YES_ERROR;
				CLANG_WARN_DOCUMENTATION_COMMENTS = YES;
				CLANG_WARN_EMPTY_BODY = YES;
				CLANG_WARN_ENUM_CONVERSION = YES;
				CLANG_WARN_INFINITE_RECURSION = YES;
				CLANG_WARN_INT_CONVERSION = YES;
				CLANG_WARN_NON_LITERAL_NULL_CONVERSION = YES;
				CLANG_WARN_OBJC_IMPLICIT_RETAIN_SELF = YES;
				CLANG_WARN_OBJC_LITERAL_CONVERSION = YES;
				CLANG_WARN_OBJC_ROOT_CLASS = YES_ERROR;
				CLANG_WARN_QUOTED_INCLUDE_IN_FRAMEWORK_HEADER = YES;
				CLANG_WARN_RANGE_LOOP_ANALYSIS = YES;
				CLANG_WARN_STRICT_PROTOTYPES = YES;
				CLANG_WARN_SUSPICIOUS_MOVE = YES;
				CLANG_WARN_UNGUARDED_AVAILABILITY = YES_AGGRESSIVE;
				CLANG_WARN_UNREACHABLE_CODE = YES;
				CLANG_WARN__DUPLICATE_METHOD_MATCH = YES;
				COPY_PHASE_STRIP = NO;
				DEBUG_INFORMATION_FORMAT = dwarf;
				ENABLE_STRICT_OBJC_MSGSEND = YES;
				ENABLE_TESTABILITY = YES;
				GCC_C_LANGUAGE_STANDARD = gnu11;
				GCC_DYNAMIC_NO_PIC = NO;
				GCC_NO_COMMON_BLOCKS = YES;
				GCC_OPTIMIZATION_LEVEL = 0;
				GCC_PREPROCESSOR_DEFINITIONS = (
					"DEBUG=1",
					"$(inherited)",
				);
				GCC_WARN_64_TO_32_BIT_CONVERSION = YES;
				GCC_WARN_ABOUT_RETURN_TYPE = YES_ERROR;
				GCC_WARN_UNDECLARED_SELECTOR = YES;
				GCC_WARN_UNINITIALIZED_AUTOS = YES_AGGRESSIVE;
				GCC_WARN_UNUSED_FUNCTION = YES;
				GCC_WARN_UNUSED_VARIABLE = YES;
				IPHONEOS_DEPLOYMENT_TARGET = 14.3;
				MTL_ENABLE_DEBUG_INFO = INCLUDE_SOURCE;
				MTL_FAST_MATH = YES;
				ONLY_ACTIVE_ARCH = YES;
				SDKROOT = iphoneos;
				SWIFT_ACTIVE_COMPILATION_CONDITIONS = DEBUG;
				SWIFT_OPTIMIZATION_LEVEL = "-Onone";
			};
			name = Debug;
		};
		4D9BFF58259DF4320013492F /* Release */ = {
			isa = XCBuildConfiguration;
			buildSettings = {
				ALWAYS_SEARCH_USER_PATHS = NO;
				CLANG_ANALYZER_NONNULL = YES;
				CLANG_ANALYZER_NUMBER_OBJECT_CONVERSION = YES_AGGRESSIVE;
				CLANG_CXX_LANGUAGE_STANDARD = "gnu++14";
				CLANG_CXX_LIBRARY = "libc++";
				CLANG_ENABLE_MODULES = YES;
				CLANG_ENABLE_OBJC_ARC = YES;
				CLANG_ENABLE_OBJC_WEAK = YES;
				CLANG_WARN_BLOCK_CAPTURE_AUTORELEASING = YES;
				CLANG_WARN_BOOL_CONVERSION = YES;
				CLANG_WARN_COMMA = YES;
				CLANG_WARN_CONSTANT_CONVERSION = YES;
				CLANG_WARN_DEPRECATED_OBJC_IMPLEMENTATIONS = YES;
				CLANG_WARN_DIRECT_OBJC_ISA_USAGE = YES_ERROR;
				CLANG_WARN_DOCUMENTATION_COMMENTS = YES;
				CLANG_WARN_EMPTY_BODY = YES;
				CLANG_WARN_ENUM_CONVERSION = YES;
				CLANG_WARN_INFINITE_RECURSION = YES;
				CLANG_WARN_INT_CONVERSION = YES;
				CLANG_WARN_NON_LITERAL_NULL_CONVERSION = YES;
				CLANG_WARN_OBJC_IMPLICIT_RETAIN_SELF = YES;
				CLANG_WARN_OBJC_LITERAL_CONVERSION = YES;
				CLANG_WARN_OBJC_ROOT_CLASS = YES_ERROR;
				CLANG_WARN_QUOTED_INCLUDE_IN_FRAMEWORK_HEADER = YES;
				CLANG_WARN_RANGE_LOOP_ANALYSIS = YES;
				CLANG_WARN_STRICT_PROTOTYPES = YES;
				CLANG_WARN_SUSPICIOUS_MOVE = YES;
				CLANG_WARN_UNGUARDED_AVAILABILITY = YES_AGGRESSIVE;
				CLANG_WARN_UNREACHABLE_CODE = YES;
				CLANG_WARN__DUPLICATE_METHOD_MATCH = YES;
				COPY_PHASE_STRIP = NO;
				DEBUG_INFORMATION_FORMAT = "dwarf-with-dsym";
				ENABLE_NS_ASSERTIONS = NO;
				ENABLE_STRICT_OBJC_MSGSEND = YES;
				GCC_C_LANGUAGE_STANDARD = gnu11;
				GCC_NO_COMMON_BLOCKS = YES;
				GCC_WARN_64_TO_32_BIT_CONVERSION = YES;
				GCC_WARN_ABOUT_RETURN_TYPE = YES_ERROR;
				GCC_WARN_UNDECLARED_SELECTOR = YES;
				GCC_WARN_UNINITIALIZED_AUTOS = YES_AGGRESSIVE;
				GCC_WARN_UNUSED_FUNCTION = YES;
				GCC_WARN_UNUSED_VARIABLE = YES;
				IPHONEOS_DEPLOYMENT_TARGET = 14.3;
				MTL_ENABLE_DEBUG_INFO = NO;
				MTL_FAST_MATH = YES;
				SDKROOT = iphoneos;
				SWIFT_COMPILATION_MODE = wholemodule;
				SWIFT_OPTIMIZATION_LEVEL = "-O";
				VALIDATE_PRODUCT = YES;
			};
			name = Release;
		};
		4D9BFF5A259DF4320013492F /* Debug */ = {
			isa = XCBuildConfiguration;
			buildSettings = {
				ASSETCATALOG_COMPILER_APPICON_NAME = AppIcon;
				ASSETCATALOG_COMPILER_GLOBAL_ACCENT_COLOR_NAME = AccentColor;
				CODE_SIGN_STYLE = Automatic;
				DEVELOPMENT_TEAM = BPR7RB49WY;
				INFOPLIST_FILE = ColorCatcher/Info.plist;
				IPHONEOS_DEPLOYMENT_TARGET = 14.2;
				LD_RUNPATH_SEARCH_PATHS = (
					"$(inherited)",
					"@executable_path/Frameworks",
				);
				PRODUCT_BUNDLE_IDENTIFIER = com.ramonmiklus.ColorCatcher;
				PRODUCT_NAME = "$(TARGET_NAME)";
				SWIFT_VERSION = 5.0;
				TARGETED_DEVICE_FAMILY = "1,2";
			};
			name = Debug;
		};
		4D9BFF5B259DF4320013492F /* Release */ = {
			isa = XCBuildConfiguration;
			buildSettings = {
				ASSETCATALOG_COMPILER_APPICON_NAME = AppIcon;
				ASSETCATALOG_COMPILER_GLOBAL_ACCENT_COLOR_NAME = AccentColor;
				CODE_SIGN_STYLE = Automatic;
				DEVELOPMENT_TEAM = BPR7RB49WY;
				INFOPLIST_FILE = ColorCatcher/Info.plist;
				IPHONEOS_DEPLOYMENT_TARGET = 14.2;
				LD_RUNPATH_SEARCH_PATHS = (
					"$(inherited)",
					"@executable_path/Frameworks",
				);
				PRODUCT_BUNDLE_IDENTIFIER = com.ramonmiklus.ColorCatcher;
				PRODUCT_NAME = "$(TARGET_NAME)";
				SWIFT_VERSION = 5.0;
				TARGETED_DEVICE_FAMILY = "1,2";
			};
			name = Release;
		};
/* End XCBuildConfiguration section */

/* Begin XCConfigurationList section */
		4D9BFF40259DF4310013492F /* Build configuration list for PBXProject "ColorCatcher" */ = {
			isa = XCConfigurationList;
			buildConfigurations = (
				4D9BFF57259DF4320013492F /* Debug */,
				4D9BFF58259DF4320013492F /* Release */,
			);
			defaultConfigurationIsVisible = 0;
			defaultConfigurationName = Release;
		};
		4D9BFF59259DF4320013492F /* Build configuration list for PBXNativeTarget "ColorCatcher" */ = {
			isa = XCConfigurationList;
			buildConfigurations = (
				4D9BFF5A259DF4320013492F /* Debug */,
				4D9BFF5B259DF4320013492F /* Release */,
			);
			defaultConfigurationIsVisible = 0;
			defaultConfigurationName = Release;
		};
/* End XCConfigurationList section */
	};
	rootObject = 4D9BFF3D259DF4310013492F /* Project object */;
}
